Microsoft Visual Studio Solution File, Format Version 12.00
# Visual Studio Version 17
VisualStudioVersion = 17.5.2.0
MinimumVisualStudioVersion = 10.0.40219.1
Project("{FAE04EC0-301F-11D3-BF4B-00C04F79EFBC}") = "SpuntiniBCGateway", "SpuntiniBCGateway\SpuntiniBCGateway.csproj", "{B1BC4500-C0EA-42E9-871A-DFF765AF140C}"
EndProject
Project("{FAE04EC0-301F-11D3-BF4B-00C04F79EFBC}") = "PeppolPdfExtractor", "PeppolPdfExtractor\PeppolPdfExtractor.csproj", "{C2CD5611-D1FB-43FA-892B-EEG876BF251D}"
EndProject
Global
	GlobalSection(SolutionConfigurationPlatforms) = preSolution
		Debug|Any CPU = Debug|Any CPU
		Test|Any CPU = Test|Any CPU
		Release|Any CPU = Release|Any CPU
	EndGlobalSection
	GlobalSection(ProjectConfigurationPlatforms) = postSolution
		{B1BC4500-C0EA-42E9-871A-DFF765AF140C}.Debug|Any CPU.ActiveCfg = Debug|Any CPU
		{B1BC4500-C0EA-42E9-871A-DFF765AF140C}.Debug|Any CPU.Build.0 = Debug|Any CPU
		{B1BC4500-C0EA-42E9-871A-DFF765AF140C}.Test|Any CPU.ActiveCfg = Test|Any CPU
		{B1BC4500-C0EA-42E9-871A-DFF765AF140C}.Test|Any CPU.Build.0 = Test|Any CPU
		{B1BC4500-C0EA-42E9-871A-DFF765AF140C}.Release|Any CPU.ActiveCfg = Release|Any CPU
		{B1BC4500-C0EA-42E9-871A-DFF765AF140C}.Release|Any CPU.Build.0 = Release|Any CPU
		{C2CD5611-D1FB-43FA-892B-EEG876BF251D}.Debug|Any CPU.ActiveCfg = Debug|Any CPU
		{C2CD5611-D1FB-43FA-892B-EEG876BF251D}.Debug|Any CPU.Build.0 = Debug|Any CPU
		{C2CD5611-D1FB-43FA-892B-EEG876BF251D}.Test|Any CPU.ActiveCfg = Debug|Any CPU
		{C2CD5611-D1FB-43FA-892B-EEG876BF251D}.Test|Any CPU.Build.0 = Debug|Any CPU
		{C2CD5611-D1FB-43FA-892B-EEG876BF251D}.Release|Any CPU.ActiveCfg = Release|Any CPU
		{C2CD5611-D1FB-43FA-892B-EEG876BF251D}.Release|Any CPU.Build.0 = Release|Any CPU
	EndGlobalSection
	GlobalSection(SolutionProperties) = preSolution
		HideSolutionNode = FALSE
	EndGlobalSection
	GlobalSection(ExtensibilityGlobals) = postSolution
		SolutionGuid = {1FB245F9-45D9-4B37-A584-42938C542686}
	EndGlobalSection
EndGlobal
